
Microsoft Visual Studio Solution File, Format Version 12.00
# Visual Studio Version 17
VisualStudioVersion = 17.5.33502.453
MinimumVisualStudioVersion = 10.0.40219.1
Project("{FAE04EC0-301F-11D3-BF4B-00C04F79EFBC}") = "Office_Seat_Book", "Office_Seat_Book\Office_Seat_Book.csproj", "{353D616B-CD7F-4033-941D-85219784C01A}"
EndProject
Project("{FAE04EC0-301F-11D3-BF4B-00C04F79EFBC}") = "Office_Seat_Book_Entity", "Office_Seat_Book_Entity\Office_Seat_Book_Entity.csproj", "{D172218B-E4D3-4C90-B37D-63BC8EC35140}"
EndProject
Project("{FAE04EC0-301F-11D3-BF4B-00C04F79EFBC}") = "Office_Seat_Book_DLL", "Office_Seat_Book_DLL\Office_Seat_Book_DLL.csproj", "{53DDA5EB-E881-48C6-AAF7-BFD6DF07C353}"
EndProject
Project("{FAE04EC0-301F-11D3-BF4B-00C04F79EFBC}") = "Office_Seat_Book_BLL", "Office_Seat_Book_BLL\Office_Seat_Book_BLL.csproj", "{DE06D952-9E7C-4E5D-BB47-CFE95B090BBC}"
EndProject
Project("{FAE04EC0-301F-11D3-BF4B-00C04F79EFBC}") = "OfficeAPI", "OfficeAPI\OfficeAPI.csproj", "{6F589B80-3F0E-4125-9945-3F711352DAEF}"
EndProject
Global
	GlobalSection(SolutionConfigurationPlatforms) = preSolution
		Debug|Any CPU = Debug|Any CPU
		Release|Any CPU = Release|Any CPU
	EndGlobalSection
	GlobalSection(ProjectConfigurationPlatforms) = postSolution
		{353D616B-CD7F-4033-941D-85219784C01A}.Debug|Any CPU.ActiveCfg = Debug|Any CPU
		{353D616B-CD7F-4033-941D-85219784C01A}.Debug|Any CPU.Build.0 = Debug|Any CPU
		{353D616B-CD7F-4033-941D-85219784C01A}.Release|Any CPU.ActiveCfg = Release|Any CPU
		{353D616B-CD7F-4033-941D-85219784C01A}.Release|Any CPU.Build.0 = Release|Any CPU
		{D172218B-E4D3-4C90-B37D-63BC8EC35140}.Debug|Any CPU.ActiveCfg = Debug|Any CPU
		{D172218B-E4D3-4C90-B37D-63BC8EC35140}.Debug|Any CPU.Build.0 = Debug|Any CPU
		{D172218B-E4D3-4C90-B37D-63BC8EC35140}.Release|Any CPU.ActiveCfg = Release|Any CPU
		{D172218B-E4D3-4C90-B37D-63BC8EC35140}.Release|Any CPU.Build.0 = Release|Any CPU
		{53DDA5EB-E881-48C6-AAF7-BFD6DF07C353}.Debug|Any CPU.ActiveCfg = Debug|Any CPU
		{53DDA5EB-E881-48C6-AAF7-BFD6DF07C353}.Debug|Any CPU.Build.0 = Debug|Any CPU
		{53DDA5EB-E881-48C6-AAF7-BFD6DF07C353}.Release|Any CPU.ActiveCfg = Release|Any CPU
		{53DDA5EB-E881-48C6-AAF7-BFD6DF07C353}.Release|Any CPU.Build.0 = Release|Any CPU
		{DE06D952-9E7C-4E5D-BB47-CFE95B090BBC}.Debug|Any CPU.ActiveCfg = Debug|Any CPU
		{DE06D952-9E7C-4E5D-BB47-CFE95B090BBC}.Debug|Any CPU.Build.0 = Debug|Any CPU
		{DE06D952-9E7C-4E5D-BB47-CFE95B090BBC}.Release|Any CPU.ActiveCfg = Release|Any CPU
		{DE06D952-9E7C-4E5D-BB47-CFE95B090BBC}.Release|Any CPU.Build.0 = Release|Any CPU
		{6F589B80-3F0E-4125-9945-3F711352DAEF}.Debug|Any CPU.ActiveCfg = Debug|Any CPU
		{6F589B80-3F0E-4125-9945-3F711352DAEF}.Debug|Any CPU.Build.0 = Debug|Any CPU
		{6F589B80-3F0E-4125-9945-3F711352DAEF}.Release|Any CPU.ActiveCfg = Release|Any CPU
		{6F589B80-3F0E-4125-9945-3F711352DAEF}.Release|Any CPU.Build.0 = Release|Any CPU
	EndGlobalSection
	GlobalSection(SolutionProperties) = preSolution
		HideSolutionNode = FALSE
	EndGlobalSection
	GlobalSection(ExtensibilityGlobals) = postSolution
		SolutionGuid = {CC19CE6A-7AB3-40BD-93AF-5068D4FE6C10}
	EndGlobalSection
EndGlobal
